{
  "name": "dayplanner",
  "version": "1.0.0",
  "lockfileVersion": 2,
  "requires": true,
  "packages": {
    "": {
      "name": "dayplanner",
      "version": "1.0.0",
      "license": "ISC",
      "workspaces": [
        "packages/ApiClient",
        "packages/Store"
      ]
    },
    "node_modules/@dayplanner/apiclient": {
      "resolved": "packages/ApiClient",
      "link": true
    },
    "node_modules/@dayplanner/store": {
      "resolved": "packages/Store",
      "link": true
    },
    "packages/ApiClient": {
      "name": "@dayplanner/apiclient",
      "version": "1.0.0",
      "license": "ISC"
    },
    "packages/Store": {
      "version": "1.0.0",
      "license": "ISC",
      "devDependencies": {}
    },
    "shared/ApiClient": {
      "name": "@dayplanner/api-client",
      "version": "1.0.0",
      "extraneous": true,
      "license": "ISC"
    },
    "shared/Store": {
      "name": "@dayplanner/store",
      "version": "1.0.0",
      "extraneous": true,
      "license": "ISC"
    }
  },
  "dependencies": {
    "@dayplanner/apiclient": {
      "version": "file:packages/ApiClient"
    },
    "@dayplanner/store": {
      "version": "file:packages/Store"
    }
  }
}
